
Microsoft Visual Studio Solution File, Format Version 12.00
# Visual Studio Version 17
VisualStudioVersion = 17.0.32112.339
MinimumVisualStudioVersion = 10.0.40219.1
Project("{9A19103F-16F7-4668-BE54-9A1E7A4F7556}") = "CatchException.Domain", "src\CatchException.Domain\CatchException.Domain.csproj", "{554AD327-6DBA-4F8F-96F8-81CE7A0C863F}"
EndProject
Project("{9A19103F-16F7-4668-BE54-9A1E7A4F7556}") = "CatchException.Application", "src\CatchException.Application\CatchException.Application.csproj", "{1A94A50E-06DC-43C1-80B5-B662820EC3EB}"
EndProject
Project("{9A19103F-16F7-4668-BE54-9A1E7A4F7556}") = "CatchException.EntityFrameworkCore", "src\CatchException.EntityFrameworkCore\CatchException.EntityFrameworkCore.csproj", "{C956DD76-69C8-4A9C-83EA-D17DF83340FD}"
EndProject
Project("{2150E333-8FDC-42A3-9474-1A3956D46DE8}") = "src", "src", "{CA9AC87F-097E-4F15-8393-4BC07735A5B0}"
EndProject
Project("{2150E333-8FDC-42A3-9474-1A3956D46DE8}") = "test", "test", "{04DBDB01-70F4-4E06-B468-8F87850B22BE}"
EndProject
Project("{9A19103F-16F7-4668-BE54-9A1E7A4F7556}") = "CatchException.Application.Tests", "test\CatchException.Application.Tests\CatchException.Application.Tests.csproj", "{50B2631D-129C-47B3-A587-029CCD6099BC}"
EndProject
Project("{9A19103F-16F7-4668-BE54-9A1E7A4F7556}") = "CatchException.Domain.Shared", "src\CatchException.Domain.Shared\CatchException.Domain.Shared.csproj", "{42F719ED-8413-4895-B5B4-5AB56079BC66}"
EndProject
Project("{9A19103F-16F7-4668-BE54-9A1E7A4F7556}") = "CatchException.Application.Contracts", "src\CatchException.Application.Contracts\CatchException.Application.Contracts.csproj", "{520659C8-C734-4298-A3DA-B539DB9DFC0B}"
EndProject
Project("{9A19103F-16F7-4668-BE54-9A1E7A4F7556}") = "CatchException.HttpApi", "src\CatchException.HttpApi\CatchException.HttpApi.csproj", "{4164BDF7-F527-4E85-9CE6-E3C2D7426A27}"
EndProject
Project("{9A19103F-16F7-4668-BE54-9A1E7A4F7556}") = "CatchException.HttpApi.Client", "src\CatchException.HttpApi.Client\CatchException.HttpApi.Client.csproj", "{3B5A0094-670D-4BB1-BFDD-61B88A8773DC}"
EndProject
Project("{9A19103F-16F7-4668-BE54-9A1E7A4F7556}") = "CatchException.EntityFrameworkCore.Tests", "test\CatchException.EntityFrameworkCore.Tests\CatchException.EntityFrameworkCore.Tests.csproj", "{1FE30EB9-74A9-47F5-A9F6-7B1FAB672D81}"
EndProject
Project("{9A19103F-16F7-4668-BE54-9A1E7A4F7556}") = "CatchException.TestBase", "test\CatchException.TestBase\CatchException.TestBase.csproj", "{91853F21-9CD9-4132-BC29-A7D5D84FFFE7}"
EndProject
Project("{9A19103F-16F7-4668-BE54-9A1E7A4F7556}") = "CatchException.Domain.Tests", "test\CatchException.Domain.Tests\CatchException.Domain.Tests.csproj", "{E512F4D9-9375-480F-A2F6-A46509F9D824}"
EndProject
Project("{9A19103F-16F7-4668-BE54-9A1E7A4F7556}") = "CatchException.HttpApi.Client.ConsoleTestApp", "test\CatchException.HttpApi.Client.ConsoleTestApp\CatchException.HttpApi.Client.ConsoleTestApp.csproj", "{EF480016-9127-4916-8735-D2466BDBC582}"
EndProject
Project("{9A19103F-16F7-4668-BE54-9A1E7A4F7556}") = "CatchException.DbMigrator", "src\CatchException.DbMigrator\CatchException.DbMigrator.csproj", "{AA94D832-1CCC-4715-95A9-A483F23A1A5D}"
EndProject
Project("{9A19103F-16F7-4668-BE54-9A1E7A4F7556}") = "CatchException.HttpApi.Host", "src\CatchException.HttpApi.Host\CatchException.HttpApi.Host.csproj", "{748584B1-BA69-4F6A-81AA-F4BDE6BCE29D}"
EndProject
Project("{9A19103F-16F7-4668-BE54-9A1E7A4F7556}") = "CatchException.Blazor", "src\CatchException.Blazor\CatchException.Blazor.csproj", "{27B2DDC7-8B75-4322-A312-25419C15D9D8}"
EndProject
Project("{2150E333-8FDC-42A3-9474-1A3956D46DE8}") = "modules", "modules", "{6A6C5ACC-2B9D-43B2-9FE8-461E62B10B17}"
EndProject
Project("{2150E333-8FDC-42A3-9474-1A3956D46DE8}") = "QuestionAnswer", "QuestionAnswer", "{9B02919F-C61E-4BE7-B8B0-8405CAFFD204}"
EndProject
Project("{9A19103F-16F7-4668-BE54-9A1E7A4F7556}") = "CatchException.QuestionAnswer.Application", "modules\CatchException.QuestionAnswer\src\CatchException.QuestionAnswer.Application\CatchException.QuestionAnswer.Application.csproj", "{D1A7EC25-387E-4EEA-A7B9-B0BC4BB590FE}"
EndProject
Project("{9A19103F-16F7-4668-BE54-9A1E7A4F7556}") = "CatchException.QuestionAnswer.Application.Contracts", "modules\CatchException.QuestionAnswer\src\CatchException.QuestionAnswer.Application.Contracts\CatchException.QuestionAnswer.Application.Contracts.csproj", "{B12B8B5A-ACF3-4B2F-B666-0E9742317129}"
EndProject
Project("{9A19103F-16F7-4668-BE54-9A1E7A4F7556}") = "CatchException.QuestionAnswer.Domain", "modules\CatchException.QuestionAnswer\src\CatchException.QuestionAnswer.Domain\CatchException.QuestionAnswer.Domain.csproj", "{492D871D-84C0-4AD5-8BEB-12AB2FD49C8F}"
EndProject
Project("{9A19103F-16F7-4668-BE54-9A1E7A4F7556}") = "CatchException.QuestionAnswer.Domain.Shared", "modules\CatchException.QuestionAnswer\src\CatchException.QuestionAnswer.Domain.Shared\CatchException.QuestionAnswer.Domain.Shared.csproj", "{80FECC1E-7E26-4660-A255-228EEDED4D69}"
EndProject
Project("{9A19103F-16F7-4668-BE54-9A1E7A4F7556}") = "CatchException.QuestionAnswer.EntityFrameworkCore", "modules\CatchException.QuestionAnswer\src\CatchException.QuestionAnswer.EntityFrameworkCore\CatchException.QuestionAnswer.EntityFrameworkCore.csproj", "{3ECC0541-1741-44BB-9BAE-D35A8B494690}"
EndProject
Project("{9A19103F-16F7-4668-BE54-9A1E7A4F7556}") = "CatchException.QuestionAnswer.HttpApi", "modules\CatchException.QuestionAnswer\src\CatchException.QuestionAnswer.HttpApi\CatchException.QuestionAnswer.HttpApi.csproj", "{873BF651-FAD7-4943-A70A-F7F48438DD82}"
EndProject
Project("{9A19103F-16F7-4668-BE54-9A1E7A4F7556}") = "CatchException.QuestionAnswer.HttpApi.Client", "modules\CatchException.QuestionAnswer\src\CatchException.QuestionAnswer.HttpApi.Client\CatchException.QuestionAnswer.HttpApi.Client.csproj", "{89A813EF-1D2D-46C9-BAEB-E8AC6B1771CB}"
EndProject
Project("{2150E333-8FDC-42A3-9474-1A3956D46DE8}") = "Tagging", "Tagging", "{12846177-8B23-46FE-9086-4489048379A8}"
EndProject
Project("{9A19103F-16F7-4668-BE54-9A1E7A4F7556}") = "CatchException.Tagging.Application", "modules\CatchException.Tagging\src\CatchException.Tagging.Application\CatchException.Tagging.Application.csproj", "{F84D6E63-51C2-49C9-970B-80337642D046}"
EndProject
Project("{9A19103F-16F7-4668-BE54-9A1E7A4F7556}") = "CatchException.Tagging.Application.Contracts", "modules\CatchException.Tagging\src\CatchException.Tagging.Application.Contracts\CatchException.Tagging.Application.Contracts.csproj", "{AF1A32BA-9DB5-4E18-B0A3-FE4AB31B2ABE}"
EndProject
Project("{9A19103F-16F7-4668-BE54-9A1E7A4F7556}") = "CatchException.Tagging.Domain", "modules\CatchException.Tagging\src\CatchException.Tagging.Domain\CatchException.Tagging.Domain.csproj", "{44E65A26-FEC9-416F-9723-8A3297E41BFC}"
EndProject
Project("{9A19103F-16F7-4668-BE54-9A1E7A4F7556}") = "CatchException.Tagging.Domain.Shared", "modules\CatchException.Tagging\src\CatchException.Tagging.Domain.Shared\CatchException.Tagging.Domain.Shared.csproj", "{0939D489-9621-4107-8A62-3ADA70224EAA}"
EndProject
Project("{9A19103F-16F7-4668-BE54-9A1E7A4F7556}") = "CatchException.Tagging.EntityFrameworkCore", "modules\CatchException.Tagging\src\CatchException.Tagging.EntityFrameworkCore\CatchException.Tagging.EntityFrameworkCore.csproj", "{1DE8F999-63B2-42B1-BB7E-144EF10B2903}"
EndProject
Project("{9A19103F-16F7-4668-BE54-9A1E7A4F7556}") = "CatchException.Tagging.HttpApi", "modules\CatchException.Tagging\src\CatchException.Tagging.HttpApi\CatchException.Tagging.HttpApi.csproj", "{018F8DE2-67EF-4AC6-B9CA-E3F3C95343C4}"
EndProject
Project("{9A19103F-16F7-4668-BE54-9A1E7A4F7556}") = "CatchException.Tagging.HttpApi.Client", "modules\CatchException.Tagging\src\CatchException.Tagging.HttpApi.Client\CatchException.Tagging.HttpApi.Client.csproj", "{D9F18165-6C82-44FB-B31F-9174D0E127D6}"
EndProject
Project("{2150E333-8FDC-42A3-9474-1A3956D46DE8}") = "framework", "framework", "{631379EE-BF4C-4536-8114-8C9D67C46BC6}"
EndProject
Project("{9A19103F-16F7-4668-BE54-9A1E7A4F7556}") = "CatchException.BlobStoring.Aliyun", "framework\CatchException.BlobStoring.Aliyun\src\CatchException.BlobStoring.Aliyun.csproj", "{1DB0D97E-8108-42EA-9B32-8FC289EA6E8B}"
EndProject
Global
	GlobalSection(SolutionConfigurationPlatforms) = preSolution
		Debug|Any CPU = Debug|Any CPU
		Release|Any CPU = Release|Any CPU
	EndGlobalSection
	GlobalSection(ProjectConfigurationPlatforms) = postSolution
		{554AD327-6DBA-4F8F-96F8-81CE7A0C863F}.Debug|Any CPU.ActiveCfg = Debug|Any CPU
		{554AD327-6DBA-4F8F-96F8-81CE7A0C863F}.Debug|Any CPU.Build.0 = Debug|Any CPU
		{554AD327-6DBA-4F8F-96F8-81CE7A0C863F}.Release|Any CPU.ActiveCfg = Release|Any CPU
		{554AD327-6DBA-4F8F-96F8-81CE7A0C863F}.Release|Any CPU.Build.0 = Release|Any CPU
		{1A94A50E-06DC-43C1-80B5-B662820EC3EB}.Debug|Any CPU.ActiveCfg = Debug|Any CPU
		{1A94A50E-06DC-43C1-80B5-B662820EC3EB}.Debug|Any CPU.Build.0 = Debug|Any CPU
		{1A94A50E-06DC-43C1-80B5-B662820EC3EB}.Release|Any CPU.ActiveCfg = Release|Any CPU
		{1A94A50E-06DC-43C1-80B5-B662820EC3EB}.Release|Any CPU.Build.0 = Release|Any CPU
		{C956DD76-69C8-4A9C-83EA-D17DF83340FD}.Debug|Any CPU.ActiveCfg = Debug|Any CPU
		{C956DD76-69C8-4A9C-83EA-D17DF83340FD}.Debug|Any CPU.Build.0 = Debug|Any CPU
		{C956DD76-69C8-4A9C-83EA-D17DF83340FD}.Release|Any CPU.ActiveCfg = Release|Any CPU
		{C956DD76-69C8-4A9C-83EA-D17DF83340FD}.Release|Any CPU.Build.0 = Release|Any CPU
		{50B2631D-129C-47B3-A587-029CCD6099BC}.Debug|Any CPU.ActiveCfg = Debug|Any CPU
		{50B2631D-129C-47B3-A587-029CCD6099BC}.Debug|Any CPU.Build.0 = Debug|Any CPU
		{50B2631D-129C-47B3-A587-029CCD6099BC}.Release|Any CPU.ActiveCfg = Release|Any CPU
		{50B2631D-129C-47B3-A587-029CCD6099BC}.Release|Any CPU.Build.0 = Release|Any CPU
		{42F719ED-8413-4895-B5B4-5AB56079BC66}.Debug|Any CPU.ActiveCfg = Debug|Any CPU
		{42F719ED-8413-4895-B5B4-5AB56079BC66}.Debug|Any CPU.Build.0 = Debug|Any CPU
		{42F719ED-8413-4895-B5B4-5AB56079BC66}.Release|Any CPU.ActiveCfg = Release|Any CPU
		{42F719ED-8413-4895-B5B4-5AB56079BC66}.Release|Any CPU.Build.0 = Release|Any CPU
		{520659C8-C734-4298-A3DA-B539DB9DFC0B}.Debug|Any CPU.ActiveCfg = Debug|Any CPU
		{520659C8-C734-4298-A3DA-B539DB9DFC0B}.Debug|Any CPU.Build.0 = Debug|Any CPU
		{520659C8-C734-4298-A3DA-B539DB9DFC0B}.Release|Any CPU.ActiveCfg = Release|Any CPU
		{520659C8-C734-4298-A3DA-B539DB9DFC0B}.Release|Any CPU.Build.0 = Release|Any CPU
		{4164BDF7-F527-4E85-9CE6-E3C2D7426A27}.Debug|Any CPU.ActiveCfg = Debug|Any CPU
		{4164BDF7-F527-4E85-9CE6-E3C2D7426A27}.Debug|Any CPU.Build.0 = Debug|Any CPU
		{4164BDF7-F527-4E85-9CE6-E3C2D7426A27}.Release|Any CPU.ActiveCfg = Release|Any CPU
		{4164BDF7-F527-4E85-9CE6-E3C2D7426A27}.Release|Any CPU.Build.0 = Release|Any CPU
		{3B5A0094-670D-4BB1-BFDD-61B88A8773DC}.Debug|Any CPU.ActiveCfg = Debug|Any CPU
		{3B5A0094-670D-4BB1-BFDD-61B88A8773DC}.Debug|Any CPU.Build.0 = Debug|Any CPU
		{3B5A0094-670D-4BB1-BFDD-61B88A8773DC}.Release|Any CPU.ActiveCfg = Release|Any CPU
		{3B5A0094-670D-4BB1-BFDD-61B88A8773DC}.Release|Any CPU.Build.0 = Release|Any CPU
		{1FE30EB9-74A9-47F5-A9F6-7B1FAB672D81}.Debug|Any CPU.ActiveCfg = Debug|Any CPU
		{1FE30EB9-74A9-47F5-A9F6-7B1FAB672D81}.Debug|Any CPU.Build.0 = Debug|Any CPU
		{1FE30EB9-74A9-47F5-A9F6-7B1FAB672D81}.Release|Any CPU.ActiveCfg = Release|Any CPU
		{1FE30EB9-74A9-47F5-A9F6-7B1FAB672D81}.Release|Any CPU.Build.0 = Release|Any CPU
		{91853F21-9CD9-4132-BC29-A7D5D84FFFE7}.Debug|Any CPU.ActiveCfg = Debug|Any CPU
		{91853F21-9CD9-4132-BC29-A7D5D84FFFE7}.Debug|Any CPU.Build.0 = Debug|Any CPU
		{91853F21-9CD9-4132-BC29-A7D5D84FFFE7}.Release|Any CPU.ActiveCfg = Release|Any CPU
		{91853F21-9CD9-4132-BC29-A7D5D84FFFE7}.Release|Any CPU.Build.0 = Release|Any CPU
		{E512F4D9-9375-480F-A2F6-A46509F9D824}.Debug|Any CPU.ActiveCfg = Debug|Any CPU
		{E512F4D9-9375-480F-A2F6-A46509F9D824}.Debug|Any CPU.Build.0 = Debug|Any CPU
		{E512F4D9-9375-480F-A2F6-A46509F9D824}.Release|Any CPU.ActiveCfg = Release|Any CPU
		{E512F4D9-9375-480F-A2F6-A46509F9D824}.Release|Any CPU.Build.0 = Release|Any CPU
		{EF480016-9127-4916-8735-D2466BDBC582}.Debug|Any CPU.ActiveCfg = Debug|Any CPU
		{EF480016-9127-4916-8735-D2466BDBC582}.Debug|Any CPU.Build.0 = Debug|Any CPU
		{EF480016-9127-4916-8735-D2466BDBC582}.Release|Any CPU.ActiveCfg = Release|Any CPU
		{EF480016-9127-4916-8735-D2466BDBC582}.Release|Any CPU.Build.0 = Release|Any CPU
		{AA94D832-1CCC-4715-95A9-A483F23A1A5D}.Debug|Any CPU.ActiveCfg = Debug|Any CPU
		{AA94D832-1CCC-4715-95A9-A483F23A1A5D}.Debug|Any CPU.Build.0 = Debug|Any CPU
		{AA94D832-1CCC-4715-95A9-A483F23A1A5D}.Release|Any CPU.ActiveCfg = Release|Any CPU
		{AA94D832-1CCC-4715-95A9-A483F23A1A5D}.Release|Any CPU.Build.0 = Release|Any CPU
		{748584B1-BA69-4F6A-81AA-F4BDE6BCE29D}.Debug|Any CPU.ActiveCfg = Debug|Any CPU
		{748584B1-BA69-4F6A-81AA-F4BDE6BCE29D}.Debug|Any CPU.Build.0 = Debug|Any CPU
		{748584B1-BA69-4F6A-81AA-F4BDE6BCE29D}.Release|Any CPU.ActiveCfg = Release|Any CPU
		{748584B1-BA69-4F6A-81AA-F4BDE6BCE29D}.Release|Any CPU.Build.0 = Release|Any CPU
		{27B2DDC7-8B75-4322-A312-25419C15D9D8}.Debug|Any CPU.ActiveCfg = Debug|Any CPU
		{27B2DDC7-8B75-4322-A312-25419C15D9D8}.Debug|Any CPU.Build.0 = Debug|Any CPU
		{27B2DDC7-8B75-4322-A312-25419C15D9D8}.Release|Any CPU.ActiveCfg = Release|Any CPU
		{27B2DDC7-8B75-4322-A312-25419C15D9D8}.Release|Any CPU.Build.0 = Release|Any CPU
		{D1A7EC25-387E-4EEA-A7B9-B0BC4BB590FE}.Debug|Any CPU.ActiveCfg = Debug|Any CPU
		{D1A7EC25-387E-4EEA-A7B9-B0BC4BB590FE}.Debug|Any CPU.Build.0 = Debug|Any CPU
		{D1A7EC25-387E-4EEA-A7B9-B0BC4BB590FE}.Release|Any CPU.ActiveCfg = Release|Any CPU
		{D1A7EC25-387E-4EEA-A7B9-B0BC4BB590FE}.Release|Any CPU.Build.0 = Release|Any CPU
		{B12B8B5A-ACF3-4B2F-B666-0E9742317129}.Debug|Any CPU.ActiveCfg = Debug|Any CPU
		{B12B8B5A-ACF3-4B2F-B666-0E9742317129}.Debug|Any CPU.Build.0 = Debug|Any CPU
		{B12B8B5A-ACF3-4B2F-B666-0E9742317129}.Release|Any CPU.ActiveCfg = Release|Any CPU
		{B12B8B5A-ACF3-4B2F-B666-0E9742317129}.Release|Any CPU.Build.0 = Release|Any CPU
		{492D871D-84C0-4AD5-8BEB-12AB2FD49C8F}.Debug|Any CPU.ActiveCfg = Debug|Any CPU
		{492D871D-84C0-4AD5-8BEB-12AB2FD49C8F}.Debug|Any CPU.Build.0 = Debug|Any CPU
		{492D871D-84C0-4AD5-8BEB-12AB2FD49C8F}.Release|Any CPU.ActiveCfg = Release|Any CPU
		{492D871D-84C0-4AD5-8BEB-12AB2FD49C8F}.Release|Any CPU.Build.0 = Release|Any CPU
		{80FECC1E-7E26-4660-A255-228EEDED4D69}.Debug|Any CPU.ActiveCfg = Debug|Any CPU
		{80FECC1E-7E26-4660-A255-228EEDED4D69}.Debug|Any CPU.Build.0 = Debug|Any CPU
		{80FECC1E-7E26-4660-A255-228EEDED4D69}.Release|Any CPU.ActiveCfg = Release|Any CPU
		{80FECC1E-7E26-4660-A255-228EEDED4D69}.Release|Any CPU.Build.0 = Release|Any CPU
		{3ECC0541-1741-44BB-9BAE-D35A8B494690}.Debug|Any CPU.ActiveCfg = Debug|Any CPU
		{3ECC0541-1741-44BB-9BAE-D35A8B494690}.Debug|Any CPU.Build.0 = Debug|Any CPU
		{3ECC0541-1741-44BB-9BAE-D35A8B494690}.Release|Any CPU.ActiveCfg = Release|Any CPU
		{3ECC0541-1741-44BB-9BAE-D35A8B494690}.Release|Any CPU.Build.0 = Release|Any CPU
		{873BF651-FAD7-4943-A70A-F7F48438DD82}.Debug|Any CPU.ActiveCfg = Debug|Any CPU
		{873BF651-FAD7-4943-A70A-F7F48438DD82}.Debug|Any CPU.Build.0 = Debug|Any CPU
		{873BF651-FAD7-4943-A70A-F7F48438DD82}.Release|Any CPU.ActiveCfg = Release|Any CPU
		{873BF651-FAD7-4943-A70A-F7F48438DD82}.Release|Any CPU.Build.0 = Release|Any CPU
		{89A813EF-1D2D-46C9-BAEB-E8AC6B1771CB}.Debug|Any CPU.ActiveCfg = Debug|Any CPU
		{89A813EF-1D2D-46C9-BAEB-E8AC6B1771CB}.Debug|Any CPU.Build.0 = Debug|Any CPU
		{89A813EF-1D2D-46C9-BAEB-E8AC6B1771CB}.Release|Any CPU.ActiveCfg = Release|Any CPU
		{89A813EF-1D2D-46C9-BAEB-E8AC6B1771CB}.Release|Any CPU.Build.0 = Release|Any CPU
		{F84D6E63-51C2-49C9-970B-80337642D046}.Debug|Any CPU.ActiveCfg = Debug|Any CPU
		{F84D6E63-51C2-49C9-970B-80337642D046}.Debug|Any CPU.Build.0 = Debug|Any CPU
		{F84D6E63-51C2-49C9-970B-80337642D046}.Release|Any CPU.ActiveCfg = Release|Any CPU
		{F84D6E63-51C2-49C9-970B-80337642D046}.Release|Any CPU.Build.0 = Release|Any CPU
		{AF1A32BA-9DB5-4E18-B0A3-FE4AB31B2ABE}.Debug|Any CPU.ActiveCfg = Debug|Any CPU
		{AF1A32BA-9DB5-4E18-B0A3-FE4AB31B2ABE}.Debug|Any CPU.Build.0 = Debug|Any CPU
		{AF1A32BA-9DB5-4E18-B0A3-FE4AB31B2ABE}.Release|Any CPU.ActiveCfg = Release|Any CPU
		{AF1A32BA-9DB5-4E18-B0A3-FE4AB31B2ABE}.Release|Any CPU.Build.0 = Release|Any CPU
		{44E65A26-FEC9-416F-9723-8A3297E41BFC}.Debug|Any CPU.ActiveCfg = Debug|Any CPU
		{44E65A26-FEC9-416F-9723-8A3297E41BFC}.Debug|Any CPU.Build.0 = Debug|Any CPU
		{44E65A26-FEC9-416F-9723-8A3297E41BFC}.Release|Any CPU.ActiveCfg = Release|Any CPU
		{44E65A26-FEC9-416F-9723-8A3297E41BFC}.Release|Any CPU.Build.0 = Release|Any CPU
		{0939D489-9621-4107-8A62-3ADA70224EAA}.Debug|Any CPU.ActiveCfg = Debug|Any CPU
		{0939D489-9621-4107-8A62-3ADA70224EAA}.Debug|Any CPU.Build.0 = Debug|Any CPU
		{0939D489-9621-4107-8A62-3ADA70224EAA}.Release|Any CPU.ActiveCfg = Release|Any CPU
		{0939D489-9621-4107-8A62-3ADA70224EAA}.Release|Any CPU.Build.0 = Release|Any CPU
		{1DE8F999-63B2-42B1-BB7E-144EF10B2903}.Debug|Any CPU.ActiveCfg = Debug|Any CPU
		{1DE8F999-63B2-42B1-BB7E-144EF10B2903}.Debug|Any CPU.Build.0 = Debug|Any CPU
		{1DE8F999-63B2-42B1-BB7E-144EF10B2903}.Release|Any CPU.ActiveCfg = Release|Any CPU
		{1DE8F999-63B2-42B1-BB7E-144EF10B2903}.Release|Any CPU.Build.0 = Release|Any CPU
		{018F8DE2-67EF-4AC6-B9CA-E3F3C95343C4}.Debug|Any CPU.ActiveCfg = Debug|Any CPU
		{018F8DE2-67EF-4AC6-B9CA-E3F3C95343C4}.Debug|Any CPU.Build.0 = Debug|Any CPU
		{018F8DE2-67EF-4AC6-B9CA-E3F3C95343C4}.Release|Any CPU.ActiveCfg = Release|Any CPU
		{018F8DE2-67EF-4AC6-B9CA-E3F3C95343C4}.Release|Any CPU.Build.0 = Release|Any CPU
		{D9F18165-6C82-44FB-B31F-9174D0E127D6}.Debug|Any CPU.ActiveCfg = Debug|Any CPU
		{D9F18165-6C82-44FB-B31F-9174D0E127D6}.Debug|Any CPU.Build.0 = Debug|Any CPU
		{D9F18165-6C82-44FB-B31F-9174D0E127D6}.Release|Any CPU.ActiveCfg = Release|Any CPU
		{D9F18165-6C82-44FB-B31F-9174D0E127D6}.Release|Any CPU.Build.0 = Release|Any CPU
		{1DB0D97E-8108-42EA-9B32-8FC289EA6E8B}.Debug|Any CPU.ActiveCfg = Debug|Any CPU
		{1DB0D97E-8108-42EA-9B32-8FC289EA6E8B}.Debug|Any CPU.Build.0 = Debug|Any CPU
		{1DB0D97E-8108-42EA-9B32-8FC289EA6E8B}.Release|Any CPU.ActiveCfg = Release|Any CPU
		{1DB0D97E-8108-42EA-9B32-8FC289EA6E8B}.Release|Any CPU.Build.0 = Release|Any CPU
	EndGlobalSection
	GlobalSection(SolutionProperties) = preSolution
		HideSolutionNode = FALSE
	EndGlobalSection
	GlobalSection(NestedProjects) = preSolution
		{554AD327-6DBA-4F8F-96F8-81CE7A0C863F} = {CA9AC87F-097E-4F15-8393-4BC07735A5B0}
		{1A94A50E-06DC-43C1-80B5-B662820EC3EB} = {CA9AC87F-097E-4F15-8393-4BC07735A5B0}
		{C956DD76-69C8-4A9C-83EA-D17DF83340FD} = {CA9AC87F-097E-4F15-8393-4BC07735A5B0}
		{50B2631D-129C-47B3-A587-029CCD6099BC} = {04DBDB01-70F4-4E06-B468-8F87850B22BE}
		{42F719ED-8413-4895-B5B4-5AB56079BC66} = {CA9AC87F-097E-4F15-8393-4BC07735A5B0}
		{520659C8-C734-4298-A3DA-B539DB9DFC0B} = {CA9AC87F-097E-4F15-8393-4BC07735A5B0}
		{4164BDF7-F527-4E85-9CE6-E3C2D7426A27} = {CA9AC87F-097E-4F15-8393-4BC07735A5B0}
		{3B5A0094-670D-4BB1-BFDD-61B88A8773DC} = {CA9AC87F-097E-4F15-8393-4BC07735A5B0}
		{1FE30EB9-74A9-47F5-A9F6-7B1FAB672D81} = {04DBDB01-70F4-4E06-B468-8F87850B22BE}
		{91853F21-9CD9-4132-BC29-A7D5D84FFFE7} = {04DBDB01-70F4-4E06-B468-8F87850B22BE}
		{E512F4D9-9375-480F-A2F6-A46509F9D824} = {04DBDB01-70F4-4E06-B468-8F87850B22BE}
		{EF480016-9127-4916-8735-D2466BDBC582} = {04DBDB01-70F4-4E06-B468-8F87850B22BE}
		{AA94D832-1CCC-4715-95A9-A483F23A1A5D} = {CA9AC87F-097E-4F15-8393-4BC07735A5B0}
		{748584B1-BA69-4F6A-81AA-F4BDE6BCE29D} = {CA9AC87F-097E-4F15-8393-4BC07735A5B0}
		{27B2DDC7-8B75-4322-A312-25419C15D9D8} = {CA9AC87F-097E-4F15-8393-4BC07735A5B0}
		{9B02919F-C61E-4BE7-B8B0-8405CAFFD204} = {6A6C5ACC-2B9D-43B2-9FE8-461E62B10B17}
		{D1A7EC25-387E-4EEA-A7B9-B0BC4BB590FE} = {9B02919F-C61E-4BE7-B8B0-8405CAFFD204}
		{B12B8B5A-ACF3-4B2F-B666-0E9742317129} = {9B02919F-C61E-4BE7-B8B0-8405CAFFD204}
		{492D871D-84C0-4AD5-8BEB-12AB2FD49C8F} = {9B02919F-C61E-4BE7-B8B0-8405CAFFD204}
		{80FECC1E-7E26-4660-A255-228EEDED4D69} = {9B02919F-C61E-4BE7-B8B0-8405CAFFD204}
		{3ECC0541-1741-44BB-9BAE-D35A8B494690} = {9B02919F-C61E-4BE7-B8B0-8405CAFFD204}
		{873BF651-FAD7-4943-A70A-F7F48438DD82} = {9B02919F-C61E-4BE7-B8B0-8405CAFFD204}
		{89A813EF-1D2D-46C9-BAEB-E8AC6B1771CB} = {9B02919F-C61E-4BE7-B8B0-8405CAFFD204}
		{12846177-8B23-46FE-9086-4489048379A8} = {6A6C5ACC-2B9D-43B2-9FE8-461E62B10B17}
		{F84D6E63-51C2-49C9-970B-80337642D046} = {12846177-8B23-46FE-9086-4489048379A8}
		{AF1A32BA-9DB5-4E18-B0A3-FE4AB31B2ABE} = {12846177-8B23-46FE-9086-4489048379A8}
		{44E65A26-FEC9-416F-9723-8A3297E41BFC} = {12846177-8B23-46FE-9086-4489048379A8}
		{0939D489-9621-4107-8A62-3ADA70224EAA} = {12846177-8B23-46FE-9086-4489048379A8}
		{1DE8F999-63B2-42B1-BB7E-144EF10B2903} = {12846177-8B23-46FE-9086-4489048379A8}
		{018F8DE2-67EF-4AC6-B9CA-E3F3C95343C4} = {12846177-8B23-46FE-9086-4489048379A8}
		{D9F18165-6C82-44FB-B31F-9174D0E127D6} = {12846177-8B23-46FE-9086-4489048379A8}
		{1DB0D97E-8108-42EA-9B32-8FC289EA6E8B} = {631379EE-BF4C-4536-8114-8C9D67C46BC6}
	EndGlobalSection
	GlobalSection(ExtensibilityGlobals) = postSolution
		SolutionGuid = {28315BFD-90E7-4E14-A2EA-F3D23AF4126F}
	EndGlobalSection
EndGlobal
